// !$*UTF8*$!
{
	archiveVersion = 1;
	classes = {
	};
	objectVersion = 77;
	objects = {

/* Begin PBXBuildFile section */
		00CA852B4F95FCD3FAC88D3D /* LockWidgetController.swift in Sources */ = {isa = PBXBuildFile; fileRef = 53DDB9A0D453C88C21A2D8FF /* LockWidgetController.swift */; };
		017DF393AB7CB253C8EFCA81 /* PowerMonitor.swift in Sources */ = {isa = PBXBuildFile; fileRef = 6BACB070EB5D0131F2CD764A /* PowerMonitor.swift */; };
		01E64FD639416137629A70AF /* PowerEventDetector.swift in Sources */ = {isa = PBXBuildFile; fileRef = 26671F348319AD7AC26BFD9C /* PowerEventDetector.swift */; };
		04EE4AB521E31D296AAC2437 /* LyricsEngine.swift in Sources */ = {isa = PBXBuildFile; fileRef = 94214E200C1F9EA4BFC3C158 /* LyricsEngine.swift */; };
		07A348A91900B1D752B94BC1 /* NowPlayingMergeTests.swift in Sources */ = {isa = PBXBuildFile; fileRef = B95A0CBC7C3DB4CD76F257E3 /* NowPlayingMergeTests.swift */; };
		07A8F82B052C985D4285E2FF /* BluetoothAudioBattery.swift in Sources */ = {isa = PBXBuildFile; fileRef = 9C89ECEDCB3C118A9426BEC0 /* BluetoothAudioBattery.swift */; };
		08AA5524C2AC28B8DC96F160 /* IslandLayout.swift in Sources */ = {isa = PBXBuildFile; fileRef = 0FB545E21797CD145F71834D /* IslandLayout.swift */; };
		0C05CB3CC66EE5D44E1FFACC /* FullscreenDetectorTests.swift in Sources */ = {isa = PBXBuildFile; fileRef = 270CF2EF436AA3E178AD642F /* FullscreenDetectorTests.swift */; };
		0C74FB17BAA2FD07572D9E41 /* LyricsParserTests.swift in Sources */ = {isa = PBXBuildFile; fileRef = 0F28F62FB5A47E7C89314312 /* LyricsParserTests.swift */; };
		140EE9C9BD6DE0D2664A2799 /* PrivateSymbolsTests.swift in Sources */ = {isa = PBXBuildFile; fileRef = 9784D320A6215B2E4860191C /* PrivateSymbolsTests.swift */; };
		192A24368610EC7412AECD20 /* DeviceFlashView.swift in Sources */ = {isa = PBXBuildFile; fileRef = BA116340484B06489ED84FCA /* DeviceFlashView.swift */; };
		1A0F2160078BCD5A57FF1B80 /* TimeFormatter.swift in Sources */ = {isa = PBXBuildFile; fileRef = A0049E01094AEA82F486D63F /* TimeFormatter.swift */; };
		2046EFB185B9E729150F12ED /* mediaremote-adapter.pl in Resources */ = {isa = PBXBuildFile; fileRef = FE201688A8A4B54FED32043E /* mediaremote-adapter.pl */; };
		208E8914616075D6EFC43AF9 /* Preferences.swift in Sources */ = {isa = PBXBuildFile; fileRef = 773966156F4CAB653EAE5FE6 /* Preferences.swift */; };
		23A67F628A74C6722FF572F7 /* LineBuffer.swift in Sources */ = {isa = PBXBuildFile; fileRef = F07C71F1E089EAAF96DD2010 /* LineBuffer.swift */; };
		25848C2BC8B9ACEDA082E993 /* FullscreenDetector.swift in Sources */ = {isa = PBXBuildFile; fileRef = 883D2C4C6E8ADB7F7BE5CD52 /* FullscreenDetector.swift */; };
		2AA21D6CFBB9E37934D202B4 /* TrackIntroView.swift in Sources */ = {isa = PBXBuildFile; fileRef = 0D4CBA362A8605A3DAAB420F /* TrackIntroView.swift */; };
		31C0C358FC83CA3D5F45D441 /* ScrollGestureRecognizerTests.swift in Sources */ = {isa = PBXBuildFile; fileRef = 6B47E5DD201447FBB955857C /* ScrollGestureRecognizerTests.swift */; };
		33B131D5A946F2C97DCF3D78 /* SettingsWindowController.swift in Sources */ = {isa = PBXBuildFile; fileRef = 0B56EEC5BDEC5B8F4D5157FC /* SettingsWindowController.swift */; };
		3702FBB2ACA438555FFCEBB6 /* ExpandedPlayerView.swift in Sources */ = {isa = PBXBuildFile; fileRef = 3027307A2D113FC420C515B8 /* ExpandedPlayerView.swift */; };
		39343A94260F2D35250D02FF /* IslandReducerTests.swift in Sources */ = {isa = PBXBuildFile; fileRef = 526FD550ADF94130B64E139F /* IslandReducerTests.swift */; };
		45F18A364D1E6447B47FA5A4 /* IslandState.swift in Sources */ = {isa = PBXBuildFile; fileRef = 90D67F7D5B4A7AA99343B0B8 /* IslandState.swift */; };
		49C554BF477174848D74575E /* LockWidgetView.swift in Sources */ = {isa = PBXBuildFile; fileRef = 61317FF1D372C71CA4F908FD /* LockWidgetView.swift */; };
		52A7467905F0DD9552B0AF46 /* NotchSpace.swift in Sources */ = {isa = PBXBuildFile; fileRef = 64F2D0947F722887D56FB659 /* NotchSpace.swift */; };
		54AB4EE1C99E551D43C9CD48 /* PowerEventDetectorTests.swift in Sources */ = {isa = PBXBuildFile; fileRef = 8418F5FFEB50E067A033A733 /* PowerEventDetectorTests.swift */; };
		552EA7CC1088C49900DF0337 /* TrackProgressBar.swift in Sources */ = {isa = PBXBuildFile; fileRef = EC6D3C4E25953FD0A0C9E80F /* TrackProgressBar.swift */; };
		560EEDD7F5FCC018FC174B5C /* EqualizerBars.swift in Sources */ = {isa = PBXBuildFile; fileRef = C34FB23DA2D3AE183531B11D /* EqualizerBars.swift */; };
		578A4BC650F80F7194FFFE1A /* LockWidgetDecision.swift in Sources */ = {isa = PBXBuildFile; fileRef = 20227042E7892D90CF93B99C /* LockWidgetDecision.swift */; };
		64901DAFA5FDD5A5294415F5 /* LockWidgetRenderTests.swift in Sources */ = {isa = PBXBuildFile; fileRef = CFA6CFE1CD1CED7D530CCF72 /* LockWidgetRenderTests.swift */; };
		6EB4D71F1D0E44D665EADDC4 /* AppIcon.icns in Resources */ = {isa = PBXBuildFile; fileRef = FD8923BEAF3CB48647995900 /* AppIcon.icns */; };
		6FC372DB12BC45820915BC31 /* AppServices.swift in Sources */ = {isa = PBXBuildFile; fileRef = 5A21F134414CA75739DEDDE6 /* AppServices.swift */; };
		74656EC835C29815D0233821 /* SystemObservers.swift in Sources */ = {isa = PBXBuildFile; fileRef = 9AF98799C089CBFD5671263E /* SystemObservers.swift */; };
		75E635A928AFA3C762A72FB1 /* RubberBand.swift in Sources */ = {isa = PBXBuildFile; fileRef = 0B7B755A6279611E659D59AA /* RubberBand.swift */; };
		76F2EE3F425E20E7912FEE70 /* MediaActions.swift in Sources */ = {isa = PBXBuildFile; fileRef = 1B06033138DF2421186F2B37 /* MediaActions.swift */; };
		7E477DF18E0F5711ECF4D736 /* VolumeController.swift in Sources */ = {isa = PBXBuildFile; fileRef = AAA2D5EEB3530AC56D9A5335 /* VolumeController.swift */; };
		7FAE763B6E2CCB122AA5618C /* NotchPanel.swift in Sources */ = {isa = PBXBuildFile; fileRef = 0C8DE53B2A7068B44ED0EF84 /* NotchPanel.swift */; };
		801A096A4DDABA01BEDB7FE5 /* MediaEngine.swift in Sources */ = {isa = PBXBuildFile; fileRef = E684A040C402F9C991448B41 /* MediaEngine.swift */; };
		80750D8766B419696300057D /* PrivateSymbols.swift in Sources */ = {isa = PBXBuildFile; fileRef = FAA6B1632D9FA676DABDFF01 /* PrivateSymbols.swift */; };
		8309F4AF47BB6C70B82D3759 /* PanelController.swift in Sources */ = {isa = PBXBuildFile; fileRef = CED545AD1604AB0DEAC93B92 /* PanelController.swift */; };
		85ED1676CFF7C9FAB120FEB2 /* NowPlaying.swift in Sources */ = {isa = PBXBuildFile; fileRef = 32878FBAB612692AC6652F9E /* NowPlaying.swift */; };
		8741E191D472A27FCD70FB30 /* SettingsView.swift in Sources */ = {isa = PBXBuildFile; fileRef = 71B4FAB2F197DAD9B26A4296 /* SettingsView.swift */; };
		8805AD39E818CF02BEFE630D /* Sparkle in Frameworks */ = {isa = PBXBuildFile; productRef = 69EAB8D8ABC8504ED58B4A67 /* Sparkle */; };
		8841BF3D2A3B593E3284ECA3 /* LaunchAtLogin.swift in Sources */ = {isa = PBXBuildFile; fileRef = 46A33BD776DCA6DE0EC14E7C /* LaunchAtLogin.swift */; };
		8B3625E0E5E0DCC974C4C9A5 /* LockWidgetLayoutTests.swift in Sources */ = {isa = PBXBuildFile; fileRef = C2597A544E1D3A145AF3ABDA /* LockWidgetLayoutTests.swift */; };
		8B9737F6D483798375397C23 /* MediaSourceFilter.swift in Sources */ = {isa = PBXBuildFile; fileRef = 7728F5E423124B4EF6FB30C1 /* MediaSourceFilter.swift */; };
		8E1C1FFDE7812FFA70350C67 /* SmokeTests.swift in Sources */ = {isa = PBXBuildFile; fileRef = AFE10EFA83D4848598448303 /* SmokeTests.swift */; };
		93FE276BD58E58F358F55BAF /* RubberBandMathTests.swift in Sources */ = {isa = PBXBuildFile; fileRef = 9439EEE80E457BA776CDE3B7 /* RubberBandMathTests.swift */; };
		96F4FDC7A6F6F5AE89B92280 /* AeolusApp.swift in Sources */ = {isa = PBXBuildFile; fileRef = C9059928910C46519885FBF0 /* AeolusApp.swift */; };
		9D8369844155910CBC3E7B8B /* LockWidgetDecisionTests.swift in Sources */ = {isa = PBXBuildFile; fileRef = 23F7321F5CF798B8041DA7E6 /* LockWidgetDecisionTests.swift */; };
		A20D68DCA5BCEB6CEC6823CB /* IslandViewModel.swift in Sources */ = {isa = PBXBuildFile; fileRef = 055B267B6E5A6F144ADF093B /* IslandViewModel.swift */; };
		A994F168C660DA3AA277A331 /* VolumeFlashView.swift in Sources */ = {isa = PBXBuildFile; fileRef = 561E00A0A994848CC0E3CCCF /* VolumeFlashView.swift */; };
		A9D70E18D5AA4C74A83E8A04 /* CollapsedEarsView.swift in Sources */ = {isa = PBXBuildFile; fileRef = 0313CAE6E7083113C7EC4919 /* CollapsedEarsView.swift */; };
		AAC2FC612C382041FE3E9411 /* ScrollGestureRecognizer.swift in Sources */ = {isa = PBXBuildFile; fileRef = 3D428198FAF9B6AED0080D2D /* ScrollGestureRecognizer.swift */; };
		AD8133F6749ECBF51F473F73 /* OutputDeviceIcon.swift in Sources */ = {isa = PBXBuildFile; fileRef = 3EE2ED84E6EF68711511FC63 /* OutputDeviceIcon.swift */; };
		ADF2586912FBB18932AB5420 /* LockWidgetPanel.swift in Sources */ = {isa = PBXBuildFile; fileRef = C2826D20E7C1CA9F71846546 /* LockWidgetPanel.swift */; };
		B2C661978466F31D4E03154C /* AdapterPaths.swift in Sources */ = {isa = PBXBuildFile; fileRef = 33EE347A5AC93DF0B267570B /* AdapterPaths.swift */; };
		B2CF1A36A7C71651B88D0C8F /* VolumeSlider.swift in Sources */ = {isa = PBXBuildFile; fileRef = 409D1BAE9229009395399A91 /* VolumeSlider.swift */; };
		B33C8D7CBA041DBF8E56746F /* MediaRemoteAdapter.framework in Frameworks */ = {isa = PBXBuildFile; fileRef = 7EBFB411F9789724458C23E5 /* MediaRemoteAdapter.framework */; };
		B887C44472035F68E2E87AD1 /* LockSession.swift in Sources */ = {isa = PBXBuildFile; fileRef = E2BCECFA414B124B2FF0B3A7 /* LockSession.swift */; };
		B95DB3D25F02DC52219FEF57 /* NotchShape.swift in Sources */ = {isa = PBXBuildFile; fileRef = C7C96177058A338C5B463E2C /* NotchShape.swift */; };
		BD1363B6A92789ECB48880A4 /* LockNotchView.swift in Sources */ = {isa = PBXBuildFile; fileRef = FA7CF77BD4ED6670CF7A1F29 /* LockNotchView.swift */; };
		BDEF0BD692855C0DC44FFD2D /* OutputDeviceIconTests.swift in Sources */ = {isa = PBXBuildFile; fileRef = C089848D6541918E078230D8 /* OutputDeviceIconTests.swift */; };
		BDF3D3D1559CD6670A577370 /* RestartPolicyTests.swift in Sources */ = {isa = PBXBuildFile; fileRef = 31A7D5B222D0A8E685892C5E /* RestartPolicyTests.swift */; };
		C2B8612B71D847A036CCCB3F /* IslandLayoutTests.swift in Sources */ = {isa = PBXBuildFile; fileRef = B4109BC994C389FC2D3B6049 /* IslandLayoutTests.swift */; };
		C7045CF80DB79C987A4008D0 /* ExpandedRenderTests.swift in Sources */ = {isa = PBXBuildFile; fileRef = 604C6F84A3FEAD71B08E07A6 /* ExpandedRenderTests.swift */; };
		C7824A75FFCEBA43C6C98BA2 /* SkyLightSpace.swift in Sources */ = {isa = PBXBuildFile; fileRef = 795AC9343F68424B9DE1F8D1 /* SkyLightSpace.swift */; };
		D17D5598DC340B3A78E72419 /* LyricsParser.swift in Sources */ = {isa = PBXBuildFile; fileRef = 4BD44CD6EA6338F050823562 /* LyricsParser.swift */; };
		D1B9BAA2A1E6C83E3F253223 /* MediaSourceFilterTests.swift in Sources */ = {isa = PBXBuildFile; fileRef = B32BD8AB55D10B02DBD665F9 /* MediaSourceFilterTests.swift */; };
		D6024E3D65B900B1E8AF1156 /* CarouselTransition.swift in Sources */ = {isa = PBXBuildFile; fileRef = ECD571C72B0878636452A6D5 /* CarouselTransition.swift */; };
		D73796AB4238222A6BF37816 /* MediaRemoteAdapter.framework in Embed Frameworks */ = {isa = PBXBuildFile; fileRef = 7EBFB411F9789724458C23E5 /* MediaRemoteAdapter.framework */; settings = {ATTRIBUTES = (CodeSignOnCopy, RemoveHeadersOnCopy, ); }; };
		D7A63E2BBDCC1BDF7E80A8A4 /* PowerSnapshotTests.swift in Sources */ = {isa = PBXBuildFile; fileRef = FDB280132C8C79D9DBD69824 /* PowerSnapshotTests.swift */; };
		DCCBB0F4286A995A0F8C1632 /* SkyLightSpaceTests.swift in Sources */ = {isa = PBXBuildFile; fileRef = 5B51188A1755A7D251E5B1B0 /* SkyLightSpaceTests.swift */; };
		DDD6912FB0EB9A1C0DA663BF /* RestartPolicy.swift in Sources */ = {isa = PBXBuildFile; fileRef = 190A429536053029AA5FF651 /* RestartPolicy.swift */; };
		DEEEE638577ECC37D488E9AC /* IslandRootView.swift in Sources */ = {isa = PBXBuildFile; fileRef = C6E255473532B6C7B4CB412A /* IslandRootView.swift */; };
		E0C192966439D5662EA27100 /* LineBufferTests.swift in Sources */ = {isa = PBXBuildFile; fileRef = 3A3BA73B412631507638371E /* LineBufferTests.swift */; };
		E4CD826745CB76BD11C72441 /* IslandReducer.swift in Sources */ = {isa = PBXBuildFile; fileRef = D38FCD5B7530884BEEA5D003 /* IslandReducer.swift */; };
		E5556594EF4A0B76F4A66844 /* TimeFormatterTests.swift in Sources */ = {isa = PBXBuildFile; fileRef = 61311880734F4A47D102F3DB /* TimeFormatterTests.swift */; };
		E89A8D6DC8F95BB0AF3A62AC /* NowPlayingStore.swift in Sources */ = {isa = PBXBuildFile; fileRef = F75BF96988A1AB755EFCDF25 /* NowPlayingStore.swift */; };
		E916AA4C8F15C398170B02A3 /* BatteryActivityView.swift in Sources */ = {isa = PBXBuildFile; fileRef = 444C642D23B30971D52C3407 /* BatteryActivityView.swift */; };
		ECA096D0765A6B9B7B489C96 /* SpaceToggleHotKey.swift in Sources */ = {isa = PBXBuildFile; fileRef = 734D66F50AFA420F9FE17466 /* SpaceToggleHotKey.swift */; };
		ED35270A08203A03873DA4E9 /* PowerSnapshot.swift in Sources */ = {isa = PBXBuildFile; fileRef = E136054B173458593C199362 /* PowerSnapshot.swift */; };
		EF8B2F7934FD44C911DA289F /* NotchGeometry.swift in Sources */ = {isa = PBXBuildFile; fileRef = 511C243A4D79FA48028D0101 /* NotchGeometry.swift */; };
		F54E6B55D89E0B515A97EBA9 /* NotchGeometryTests.swift in Sources */ = {isa = PBXBuildFile; fileRef = D7F8488AD9D73D303FFBD86C /* NotchGeometryTests.swift */; };
		F5E8D87A7E1A2AD49EF13265 /* ControlButton.swift in Sources */ = {isa = PBXBuildFile; fileRef = 48234AFCC8CA67291AB791D3 /* ControlButton.swift */; };
		FA7667E9DFA1E0C4CF2494FE /* EarsLayout.swift in Sources */ = {isa = PBXBuildFile; fileRef = 549F73DC6553D2E581B56B5C /* EarsLayout.swift */; };
		FE65A520B5DE6AB8C3E33EE4 /* LockWidgetLayout.swift in Sources */ = {isa = PBXBuildFile; fileRef = D69D405CAC4ABC9FCCAB640E /* LockWidgetLayout.swift */; };
/* End PBXBuildFile section */

/* Begin PBXContainerItemProxy section */
		B97104AF0690B19B95A9C098 /* PBXContainerItemProxy */ = {
			isa = PBXContainerItemProxy;
			containerPortal = 5841313427E3248FA90AD8F3 /* Project object */;
			proxyType = 1;
			remoteGlobalIDString = 10F0B156BE034556A00F546B;
			remoteInfo = Aeolus;
		};
/* End PBXContainerItemProxy section */

/* Begin PBXCopyFilesBuildPhase section */
		E4A2920CC0201DA3EDEA3C0B /* Embed Frameworks */ = {
			isa = PBXCopyFilesBuildPhase;
			buildActionMask = 2147483647;
			dstPath = "";
			dstSubfolderSpec = 10;
			files = (
				D73796AB4238222A6BF37816 /* MediaRemoteAdapter.framework in Embed Frameworks */,
			);
			name = "Embed Frameworks";
			runOnlyForDeploymentPostprocessing = 0;
		};
/* End PBXCopyFilesBuildPhase section */

/* Begin PBXFileReference section */
		0313CAE6E7083113C7EC4919 /* CollapsedEarsView.swift */ = {isa = PBXFileReference; lastKnownFileType = sourcecode.swift; path = CollapsedEarsView.swift; sourceTree = "<group>"; };
		055B267B6E5A6F144ADF093B /* IslandViewModel.swift */ = {isa = PBXFileReference; lastKnownFileType = sourcecode.swift; path = IslandViewModel.swift; sourceTree = "<group>"; };
		0A8C667A5F5D412460A76CDC /* AeolusTests.xctest */ = {isa = PBXFileReference; explicitFileType = wrapper.cfbundle; includeInIndex = 0; path = AeolusTests.xctest; sourceTree = BUILT_PRODUCTS_DIR; };
		0B56EEC5BDEC5B8F4D5157FC /* SettingsWindowController.swift */ = {isa = PBXFileReference; lastKnownFileType = sourcecode.swift; path = SettingsWindowController.swift; sourceTree = "<group>"; };
		0B7B755A6279611E659D59AA /* RubberBand.swift */ = {isa = PBXFileReference; lastKnownFileType = sourcecode.swift; path = RubberBand.swift; sourceTree = "<group>"; };
		0C8DE53B2A7068B44ED0EF84 /* NotchPanel.swift */ = {isa = PBXFileReference; lastKnownFileType = sourcecode.swift; path = NotchPanel.swift; sourceTree = "<group>"; };
		0D4CBA362A8605A3DAAB420F /* TrackIntroView.swift */ = {isa = PBXFileReference; lastKnownFileType = sourcecode.swift; path = TrackIntroView.swift; sourceTree = "<group>"; };
		0F28F62FB5A47E7C89314312 /* LyricsParserTests.swift */ = {isa = PBXFileReference; lastKnownFileType = sourcecode.swift; path = LyricsParserTests.swift; sourceTree = "<group>"; };
		0FB545E21797CD145F71834D /* IslandLayout.swift */ = {isa = PBXFileReference; lastKnownFileType = sourcecode.swift; path = IslandLayout.swift; sourceTree = "<group>"; };
		190A429536053029AA5FF651 /* RestartPolicy.swift */ = {isa = PBXFileReference; lastKnownFileType = sourcecode.swift; path = RestartPolicy.swift; sourceTree = "<group>"; };
		1B06033138DF2421186F2B37 /* MediaActions.swift */ = {isa = PBXFileReference; lastKnownFileType = sourcecode.swift; path = MediaActions.swift; sourceTree = "<group>"; };
		20227042E7892D90CF93B99C /* LockWidgetDecision.swift */ = {isa = PBXFileReference; lastKnownFileType = sourcecode.swift; path = LockWidgetDecision.swift; sourceTree = "<group>"; };
		23F7321F5CF798B8041DA7E6 /* LockWidgetDecisionTests.swift */ = {isa = PBXFileReference; lastKnownFileType = sourcecode.swift; path = LockWidgetDecisionTests.swift; sourceTree = "<group>"; };
		26671F348319AD7AC26BFD9C /* PowerEventDetector.swift */ = {isa = PBXFileReference; lastKnownFileType = sourcecode.swift; path = PowerEventDetector.swift; sourceTree = "<group>"; };
		270CF2EF436AA3E178AD642F /* FullscreenDetectorTests.swift */ = {isa = PBXFileReference; lastKnownFileType = sourcecode.swift; path = FullscreenDetectorTests.swift; sourceTree = "<group>"; };
		3027307A2D113FC420C515B8 /* ExpandedPlayerView.swift */ = {isa = PBXFileReference; lastKnownFileType = sourcecode.swift; path = ExpandedPlayerView.swift; sourceTree = "<group>"; };
		31A7D5B222D0A8E685892C5E /* RestartPolicyTests.swift */ = {isa = PBXFileReference; lastKnownFileType = sourcecode.swift; path = RestartPolicyTests.swift; sourceTree = "<group>"; };
		32878FBAB612692AC6652F9E /* NowPlaying.swift */ = {isa = PBXFileReference; lastKnownFileType = sourcecode.swift; path = NowPlaying.swift; sourceTree = "<group>"; };
		33EE347A5AC93DF0B267570B /* AdapterPaths.swift */ = {isa = PBXFileReference; lastKnownFileType = sourcecode.swift; path = AdapterPaths.swift; sourceTree = "<group>"; };
		3A3BA73B412631507638371E /* LineBufferTests.swift */ = {isa = PBXFileReference; lastKnownFileType = sourcecode.swift; path = LineBufferTests.swift; sourceTree = "<group>"; };
		3D428198FAF9B6AED0080D2D /* ScrollGestureRecognizer.swift */ = {isa = PBXFileReference; lastKnownFileType = sourcecode.swift; path = ScrollGestureRecognizer.swift; sourceTree = "<group>"; };
		3EE2ED84E6EF68711511FC63 /* OutputDeviceIcon.swift */ = {isa = PBXFileReference; lastKnownFileType = sourcecode.swift; path = OutputDeviceIcon.swift; sourceTree = "<group>"; };
		409D1BAE9229009395399A91 /* VolumeSlider.swift */ = {isa = PBXFileReference; lastKnownFileType = sourcecode.swift; path = VolumeSlider.swift; sourceTree = "<group>"; };
		444C642D23B30971D52C3407 /* BatteryActivityView.swift */ = {isa = PBXFileReference; lastKnownFileType = sourcecode.swift; path = BatteryActivityView.swift; sourceTree = "<group>"; };
		46A33BD776DCA6DE0EC14E7C /* LaunchAtLogin.swift */ = {isa = PBXFileReference; lastKnownFileType = sourcecode.swift; path = LaunchAtLogin.swift; sourceTree = "<group>"; };
		47CDBB4D7704F30EE08D8A43 /* Aeolus.app */ = {isa = PBXFileReference; explicitFileType = wrapper.application; includeInIndex = 0; path = Aeolus.app; sourceTree = BUILT_PRODUCTS_DIR; };
		48234AFCC8CA67291AB791D3 /* ControlButton.swift */ = {isa = PBXFileReference; lastKnownFileType = sourcecode.swift; path = ControlButton.swift; sourceTree = "<group>"; };
		4BD44CD6EA6338F050823562 /* LyricsParser.swift */ = {isa = PBXFileReference; lastKnownFileType = sourcecode.swift; path = LyricsParser.swift; sourceTree = "<group>"; };
		511C243A4D79FA48028D0101 /* NotchGeometry.swift */ = {isa = PBXFileReference; lastKnownFileType = sourcecode.swift; path = NotchGeometry.swift; sourceTree = "<group>"; };
		526FD550ADF94130B64E139F /* IslandReducerTests.swift */ = {isa = PBXFileReference; lastKnownFileType = sourcecode.swift; path = IslandReducerTests.swift; sourceTree = "<group>"; };
		53DDB9A0D453C88C21A2D8FF /* LockWidgetController.swift */ = {isa = PBXFileReference; lastKnownFileType = sourcecode.swift; path = LockWidgetController.swift; sourceTree = "<group>"; };
		549F73DC6553D2E581B56B5C /* EarsLayout.swift */ = {isa = PBXFileReference; lastKnownFileType = sourcecode.swift; path = EarsLayout.swift; sourceTree = "<group>"; };
		561E00A0A994848CC0E3CCCF /* VolumeFlashView.swift */ = {isa = PBXFileReference; lastKnownFileType = sourcecode.swift; path = VolumeFlashView.swift; sourceTree = "<group>"; };
		5A21F134414CA75739DEDDE6 /* AppServices.swift */ = {isa = PBXFileReference; lastKnownFileType = sourcecode.swift; path = AppServices.swift; sourceTree = "<group>"; };
		5B51188A1755A7D251E5B1B0 /* SkyLightSpaceTests.swift */ = {isa = PBXFileReference; lastKnownFileType = sourcecode.swift; path = SkyLightSpaceTests.swift; sourceTree = "<group>"; };
		604C6F84A3FEAD71B08E07A6 /* ExpandedRenderTests.swift */ = {isa = PBXFileReference; lastKnownFileType = sourcecode.swift; path = ExpandedRenderTests.swift; sourceTree = "<group>"; };
		61311880734F4A47D102F3DB /* TimeFormatterTests.swift */ = {isa = PBXFileReference; lastKnownFileType = sourcecode.swift; path = TimeFormatterTests.swift; sourceTree = "<group>"; };
		61317FF1D372C71CA4F908FD /* LockWidgetView.swift */ = {isa = PBXFileReference; lastKnownFileType = sourcecode.swift; path = LockWidgetView.swift; sourceTree = "<group>"; };
		64F2D0947F722887D56FB659 /* NotchSpace.swift */ = {isa = PBXFileReference; lastKnownFileType = sourcecode.swift; path = NotchSpace.swift; sourceTree = "<group>"; };
		6B47E5DD201447FBB955857C /* ScrollGestureRecognizerTests.swift */ = {isa = PBXFileReference; lastKnownFileType = sourcecode.swift; path = ScrollGestureRecognizerTests.swift; sourceTree = "<group>"; };
		6BACB070EB5D0131F2CD764A /* PowerMonitor.swift */ = {isa = PBXFileReference; lastKnownFileType = sourcecode.swift; path = PowerMonitor.swift; sourceTree = "<group>"; };
		71B4FAB2F197DAD9B26A4296 /* SettingsView.swift */ = {isa = PBXFileReference; lastKnownFileType = sourcecode.swift; path = SettingsView.swift; sourceTree = "<group>"; };
		734D66F50AFA420F9FE17466 /* SpaceToggleHotKey.swift */ = {isa = PBXFileReference; lastKnownFileType = sourcecode.swift; path = SpaceToggleHotKey.swift; sourceTree = "<group>"; };
		7728F5E423124B4EF6FB30C1 /* MediaSourceFilter.swift */ = {isa = PBXFileReference; lastKnownFileType = sourcecode.swift; path = MediaSourceFilter.swift; sourceTree = "<group>"; };
		773966156F4CAB653EAE5FE6 /* Preferences.swift */ = {isa = PBXFileReference; lastKnownFileType = sourcecode.swift; path = Preferences.swift; sourceTree = "<group>"; };
		795AC9343F68424B9DE1F8D1 /* SkyLightSpace.swift */ = {isa = PBXFileReference; lastKnownFileType = sourcecode.swift; path = SkyLightSpace.swift; sourceTree = "<group>"; };
		7EBFB411F9789724458C23E5 /* MediaRemoteAdapter.framework */ = {isa = PBXFileReference; lastKnownFileType = wrapper.framework; name = MediaRemoteAdapter.framework; path = "Vendor/mediaremote-adapter/MediaRemoteAdapter.framework"; sourceTree = "<group>"; };
		8418F5FFEB50E067A033A733 /* PowerEventDetectorTests.swift */ = {isa = PBXFileReference; lastKnownFileType = sourcecode.swift; path = PowerEventDetectorTests.swift; sourceTree = "<group>"; };
		883D2C4C6E8ADB7F7BE5CD52 /* FullscreenDetector.swift */ = {isa = PBXFileReference; lastKnownFileType = sourcecode.swift; path = FullscreenDetector.swift; sourceTree = "<group>"; };
		90D67F7D5B4A7AA99343B0B8 /* IslandState.swift */ = {isa = PBXFileReference; lastKnownFileType = sourcecode.swift; path = IslandState.swift; sourceTree = "<group>"; };
		94214E200C1F9EA4BFC3C158 /* LyricsEngine.swift */ = {isa = PBXFileReference; lastKnownFileType = sourcecode.swift; path = LyricsEngine.swift; sourceTree = "<group>"; };
		9439EEE80E457BA776CDE3B7 /* RubberBandMathTests.swift */ = {isa = PBXFileReference; lastKnownFileType = sourcecode.swift; path = RubberBandMathTests.swift; sourceTree = "<group>"; };
		9784D320A6215B2E4860191C /* PrivateSymbolsTests.swift */ = {isa = PBXFileReference; lastKnownFileType = sourcecode.swift; path = PrivateSymbolsTests.swift; sourceTree = "<group>"; };
		9AF98799C089CBFD5671263E /* SystemObservers.swift */ = {isa = PBXFileReference; lastKnownFileType = sourcecode.swift; path = SystemObservers.swift; sourceTree = "<group>"; };
		9C89ECEDCB3C118A9426BEC0 /* BluetoothAudioBattery.swift */ = {isa = PBXFileReference; lastKnownFileType = sourcecode.swift; path = BluetoothAudioBattery.swift; sourceTree = "<group>"; };
		A0049E01094AEA82F486D63F /* TimeFormatter.swift */ = {isa = PBXFileReference; lastKnownFileType = sourcecode.swift; path = TimeFormatter.swift; sourceTree = "<group>"; };
		AAA2D5EEB3530AC56D9A5335 /* VolumeController.swift */ = {isa = PBXFileReference; lastKnownFileType = sourcecode.swift; path = VolumeController.swift; sourceTree = "<group>"; };
		AFE10EFA83D4848598448303 /* SmokeTests.swift */ = {isa = PBXFileReference; lastKnownFileType = sourcecode.swift; path = SmokeTests.swift; sourceTree = "<group>"; };
		B32BD8AB55D10B02DBD665F9 /* MediaSourceFilterTests.swift */ = {isa = PBXFileReference; lastKnownFileType = sourcecode.swift; path = MediaSourceFilterTests.swift; sourceTree = "<group>"; };
		B4109BC994C389FC2D3B6049 /* IslandLayoutTests.swift */ = {isa = PBXFileReference; lastKnownFileType = sourcecode.swift; path = IslandLayoutTests.swift; sourceTree = "<group>"; };
		B95A0CBC7C3DB4CD76F257E3 /* NowPlayingMergeTests.swift */ = {isa = PBXFileReference; lastKnownFileType = sourcecode.swift; path = NowPlayingMergeTests.swift; sourceTree = "<group>"; };
		BA116340484B06489ED84FCA /* DeviceFlashView.swift */ = {isa = PBXFileReference; lastKnownFileType = sourcecode.swift; path = DeviceFlashView.swift; sourceTree = "<group>"; };
		C089848D6541918E078230D8 /* OutputDeviceIconTests.swift */ = {isa = PBXFileReference; lastKnownFileType = sourcecode.swift; path = OutputDeviceIconTests.swift; sourceTree = "<group>"; };
		C2597A544E1D3A145AF3ABDA /* LockWidgetLayoutTests.swift */ = {isa = PBXFileReference; lastKnownFileType = sourcecode.swift; path = LockWidgetLayoutTests.swift; sourceTree = "<group>"; };
		C2826D20E7C1CA9F71846546 /* LockWidgetPanel.swift */ = {isa = PBXFileReference; lastKnownFileType = sourcecode.swift; path = LockWidgetPanel.swift; sourceTree = "<group>"; };
		C34FB23DA2D3AE183531B11D /* EqualizerBars.swift */ = {isa = PBXFileReference; lastKnownFileType = sourcecode.swift; path = EqualizerBars.swift; sourceTree = "<group>"; };
		C6E255473532B6C7B4CB412A /* IslandRootView.swift */ = {isa = PBXFileReference; lastKnownFileType = sourcecode.swift; path = IslandRootView.swift; sourceTree = "<group>"; };
		C7C96177058A338C5B463E2C /* NotchShape.swift */ = {isa = PBXFileReference; lastKnownFileType = sourcecode.swift; path = NotchShape.swift; sourceTree = "<group>"; };
		C86645998989D59D5427741C /* Info.plist */ = {isa = PBXFileReference; lastKnownFileType = text.plist; path = Info.plist; sourceTree = "<group>"; };
		C9059928910C46519885FBF0 /* AeolusApp.swift */ = {isa = PBXFileReference; lastKnownFileType = sourcecode.swift; path = AeolusApp.swift; sourceTree = "<group>"; };
		CED545AD1604AB0DEAC93B92 /* PanelController.swift */ = {isa = PBXFileReference; lastKnownFileType = sourcecode.swift; path = PanelController.swift; sourceTree = "<group>"; };
		CFA6CFE1CD1CED7D530CCF72 /* LockWidgetRenderTests.swift */ = {isa = PBXFileReference; lastKnownFileType = sourcecode.swift; path = LockWidgetRenderTests.swift; sourceTree = "<group>"; };
		D38FCD5B7530884BEEA5D003 /* IslandReducer.swift */ = {isa = PBXFileReference; lastKnownFileType = sourcecode.swift; path = IslandReducer.swift; sourceTree = "<group>"; };
		D69D405CAC4ABC9FCCAB640E /* LockWidgetLayout.swift */ = {isa = PBXFileReference; lastKnownFileType = sourcecode.swift; path = LockWidgetLayout.swift; sourceTree = "<group>"; };
		D7F8488AD9D73D303FFBD86C /* NotchGeometryTests.swift */ = {isa = PBXFileReference; lastKnownFileType = sourcecode.swift; path = NotchGeometryTests.swift; sourceTree = "<group>"; };
		E136054B173458593C199362 /* PowerSnapshot.swift */ = {isa = PBXFileReference; lastKnownFileType = sourcecode.swift; path = PowerSnapshot.swift; sourceTree = "<group>"; };
		E2BCECFA414B124B2FF0B3A7 /* LockSession.swift */ = {isa = PBXFileReference; lastKnownFileType = sourcecode.swift; path = LockSession.swift; sourceTree = "<group>"; };
		E684A040C402F9C991448B41 /* MediaEngine.swift */ = {isa = PBXFileReference; lastKnownFileType = sourcecode.swift; path = MediaEngine.swift; sourceTree = "<group>"; };
		EC6D3C4E25953FD0A0C9E80F /* TrackProgressBar.swift */ = {isa = PBXFileReference; lastKnownFileType = sourcecode.swift; path = TrackProgressBar.swift; sourceTree = "<group>"; };
		ECD571C72B0878636452A6D5 /* CarouselTransition.swift */ = {isa = PBXFileReference; lastKnownFileType = sourcecode.swift; path = CarouselTransition.swift; sourceTree = "<group>"; };
		F07C71F1E089EAAF96DD2010 /* LineBuffer.swift */ = {isa = PBXFileReference; lastKnownFileType = sourcecode.swift; path = LineBuffer.swift; sourceTree = "<group>"; };
		F75BF96988A1AB755EFCDF25 /* NowPlayingStore.swift */ = {isa = PBXFileReference; lastKnownFileType = sourcecode.swift; path = NowPlayingStore.swift; sourceTree = "<group>"; };
		FA7CF77BD4ED6670CF7A1F29 /* LockNotchView.swift */ = {isa = PBXFileReference; lastKnownFileType = sourcecode.swift; path = LockNotchView.swift; sourceTree = "<group>"; };
		FAA6B1632D9FA676DABDFF01 /* PrivateSymbols.swift */ = {isa = PBXFileReference; lastKnownFileType = sourcecode.swift; path = PrivateSymbols.swift; sourceTree = "<group>"; };
		FD8923BEAF3CB48647995900 /* AppIcon.icns */ = {isa = PBXFileReference; lastKnownFileType = image.icns; path = AppIcon.icns; sourceTree = "<group>"; };
		FDB280132C8C79D9DBD69824 /* PowerSnapshotTests.swift */ = {isa = PBXFileReference; lastKnownFileType = sourcecode.swift; path = PowerSnapshotTests.swift; sourceTree = "<group>"; };
		FE201688A8A4B54FED32043E /* mediaremote-adapter.pl */ = {isa = PBXFileReference; lastKnownFileType = text.script.perl; path = "mediaremote-adapter.pl"; sourceTree = "<group>"; };
/* End PBXFileReference section */

/* Begin PBXFrameworksBuildPhase section */
		21C71917CFBE584AE4EC66BE /* Frameworks */ = {
			isa = PBXFrameworksBuildPhase;
			buildActionMask = 2147483647;
			files = (
				B33C8D7CBA041DBF8E56746F /* MediaRemoteAdapter.framework in Frameworks */,
				8805AD39E818CF02BEFE630D /* Sparkle in Frameworks */,
			);
			runOnlyForDeploymentPostprocessing = 0;
		};
/* End PBXFrameworksBuildPhase section */

/* Begin PBXGroup section */
		043FB2751EA5D1699BC718AD /* Frameworks */ = {
			isa = PBXGroup;
			children = (
				7EBFB411F9789724458C23E5 /* MediaRemoteAdapter.framework */,
			);
			name = Frameworks;
			sourceTree = "<group>";
		};
		126FF3ABED3D00A4F792B15F /* AeolusTests */ = {
			isa = PBXGroup;
			children = (
				604C6F84A3FEAD71B08E07A6 /* ExpandedRenderTests.swift */,
				270CF2EF436AA3E178AD642F /* FullscreenDetectorTests.swift */,
				B4109BC994C389FC2D3B6049 /* IslandLayoutTests.swift */,
				526FD550ADF94130B64E139F /* IslandReducerTests.swift */,
				3A3BA73B412631507638371E /* LineBufferTests.swift */,
				23F7321F5CF798B8041DA7E6 /* LockWidgetDecisionTests.swift */,
				C2597A544E1D3A145AF3ABDA /* LockWidgetLayoutTests.swift */,
				CFA6CFE1CD1CED7D530CCF72 /* LockWidgetRenderTests.swift */,
				0F28F62FB5A47E7C89314312 /* LyricsParserTests.swift */,
				B32BD8AB55D10B02DBD665F9 /* MediaSourceFilterTests.swift */,
				D7F8488AD9D73D303FFBD86C /* NotchGeometryTests.swift */,
				B95A0CBC7C3DB4CD76F257E3 /* NowPlayingMergeTests.swift */,
				C089848D6541918E078230D8 /* OutputDeviceIconTests.swift */,
				8418F5FFEB50E067A033A733 /* PowerEventDetectorTests.swift */,
				FDB280132C8C79D9DBD69824 /* PowerSnapshotTests.swift */,
				9784D320A6215B2E4860191C /* PrivateSymbolsTests.swift */,
				31A7D5B222D0A8E685892C5E /* RestartPolicyTests.swift */,
				9439EEE80E457BA776CDE3B7 /* RubberBandMathTests.swift */,
				6B47E5DD201447FBB955857C /* ScrollGestureRecognizerTests.swift */,
				5B51188A1755A7D251E5B1B0 /* SkyLightSpaceTests.swift */,
				AFE10EFA83D4848598448303 /* SmokeTests.swift */,
				61311880734F4A47D102F3DB /* TimeFormatterTests.swift */,
			);
			path = AeolusTests;
			sourceTree = "<group>";
		};
		39F2635100F6ACC0EBA4F637 /* Aeolus */ = {
			isa = PBXGroup;
			children = (
				C86645998989D59D5427741C /* Info.plist */,
				BD7458B05117159923807B01 /* App */,
				98D639154E2D02E2AF04D0B3 /* Audio */,
				97F0248C372FF98415453BE2 /* Island */,
				F9D9922AC48A319B74D06789 /* LockScreen */,
				7C4C853154BB9374C5972370 /* Media */,
				41B26EF00389CAE382D19EE0 /* Power */,
				FABAB35562B67FA86AC4BBE2 /* Private */,
				BB5506B8EAA0EA51C8AE81FA /* Resources */,
				E622A9AC9816E5D62A92DB9B /* Settings */,
			);
			path = Aeolus;
			sourceTree = "<group>";
		};
		41B26EF00389CAE382D19EE0 /* Power */ = {
			isa = PBXGroup;
			children = (
				9C89ECEDCB3C118A9426BEC0 /* BluetoothAudioBattery.swift */,
				26671F348319AD7AC26BFD9C /* PowerEventDetector.swift */,
				6BACB070EB5D0131F2CD764A /* PowerMonitor.swift */,
				E136054B173458593C199362 /* PowerSnapshot.swift */,
			);
			path = Power;
			sourceTree = "<group>";
		};
		63BEA4F94B070FFC897994C1 = {
			isa = PBXGroup;
			children = (
				39F2635100F6ACC0EBA4F637 /* Aeolus */,
				126FF3ABED3D00A4F792B15F /* AeolusTests */,
				74A413F301E0968497B1DF64 /* Vendor */,
				043FB2751EA5D1699BC718AD /* Frameworks */,
				819FAEDF32A11B95A183573C /* Products */,
			);
			sourceTree = "<group>";
		};
		74A413F301E0968497B1DF64 /* Vendor */ = {
			isa = PBXGroup;
			children = (
				7A8D4827EA9686A111AEAF53 /* mediaremote-adapter */,
			);
			path = Vendor;
			sourceTree = "<group>";
		};
		7A8D4827EA9686A111AEAF53 /* mediaremote-adapter */ = {
			isa = PBXGroup;
			children = (
				FE201688A8A4B54FED32043E /* mediaremote-adapter.pl */,
			);
			path = "mediaremote-adapter";
			sourceTree = "<group>";
		};
		7C4C853154BB9374C5972370 /* Media */ = {
			isa = PBXGroup;
			children = (
				33EE347A5AC93DF0B267570B /* AdapterPaths.swift */,
				F07C71F1E089EAAF96DD2010 /* LineBuffer.swift */,
				94214E200C1F9EA4BFC3C158 /* LyricsEngine.swift */,
				4BD44CD6EA6338F050823562 /* LyricsParser.swift */,
				1B06033138DF2421186F2B37 /* MediaActions.swift */,
				E684A040C402F9C991448B41 /* MediaEngine.swift */,
				7728F5E423124B4EF6FB30C1 /* MediaSourceFilter.swift */,
				32878FBAB612692AC6652F9E /* NowPlaying.swift */,
				F75BF96988A1AB755EFCDF25 /* NowPlayingStore.swift */,
				190A429536053029AA5FF651 /* RestartPolicy.swift */,
				A0049E01094AEA82F486D63F /* TimeFormatter.swift */,
			);
			path = Media;
			sourceTree = "<group>";
		};
		819FAEDF32A11B95A183573C /* Products */ = {
			isa = PBXGroup;
			children = (
				47CDBB4D7704F30EE08D8A43 /* Aeolus.app */,
				0A8C667A5F5D412460A76CDC /* AeolusTests.xctest */,
			);
			name = Products;
			sourceTree = "<group>";
		};
		97F0248C372FF98415453BE2 /* Island */ = {
			isa = PBXGroup;
			children = (
				444C642D23B30971D52C3407 /* BatteryActivityView.swift */,
				ECD571C72B0878636452A6D5 /* CarouselTransition.swift */,
				0313CAE6E7083113C7EC4919 /* CollapsedEarsView.swift */,
				48234AFCC8CA67291AB791D3 /* ControlButton.swift */,
				BA116340484B06489ED84FCA /* DeviceFlashView.swift */,
				549F73DC6553D2E581B56B5C /* EarsLayout.swift */,
				C34FB23DA2D3AE183531B11D /* EqualizerBars.swift */,
				3027307A2D113FC420C515B8 /* ExpandedPlayerView.swift */,
				883D2C4C6E8ADB7F7BE5CD52 /* FullscreenDetector.swift */,
				0FB545E21797CD145F71834D /* IslandLayout.swift */,
				D38FCD5B7530884BEEA5D003 /* IslandReducer.swift */,
				C6E255473532B6C7B4CB412A /* IslandRootView.swift */,
				90D67F7D5B4A7AA99343B0B8 /* IslandState.swift */,
				055B267B6E5A6F144ADF093B /* IslandViewModel.swift */,
				511C243A4D79FA48028D0101 /* NotchGeometry.swift */,
				0C8DE53B2A7068B44ED0EF84 /* NotchPanel.swift */,
				C7C96177058A338C5B463E2C /* NotchShape.swift */,
				64F2D0947F722887D56FB659 /* NotchSpace.swift */,
				CED545AD1604AB0DEAC93B92 /* PanelController.swift */,
				0B7B755A6279611E659D59AA /* RubberBand.swift */,
				3D428198FAF9B6AED0080D2D /* ScrollGestureRecognizer.swift */,
				734D66F50AFA420F9FE17466 /* SpaceToggleHotKey.swift */,
				0D4CBA362A8605A3DAAB420F /* TrackIntroView.swift */,
				EC6D3C4E25953FD0A0C9E80F /* TrackProgressBar.swift */,
				561E00A0A994848CC0E3CCCF /* VolumeFlashView.swift */,
				409D1BAE9229009395399A91 /* VolumeSlider.swift */,
			);
			path = Island;
			sourceTree = "<group>";
		};
		98D639154E2D02E2AF04D0B3 /* Audio */ = {
			isa = PBXGroup;
			children = (
				3EE2ED84E6EF68711511FC63 /* OutputDeviceIcon.swift */,
				AAA2D5EEB3530AC56D9A5335 /* VolumeController.swift */,
			);
			path = Audio;
			sourceTree = "<group>";
		};
		BB5506B8EAA0EA51C8AE81FA /* Resources */ = {
			isa = PBXGroup;
			children = (
				FD8923BEAF3CB48647995900 /* AppIcon.icns */,
			);
			path = Resources;
			sourceTree = "<group>";
		};
		BD7458B05117159923807B01 /* App */ = {
			isa = PBXGroup;
			children = (
				C9059928910C46519885FBF0 /* AeolusApp.swift */,
				5A21F134414CA75739DEDDE6 /* AppServices.swift */,
				9AF98799C089CBFD5671263E /* SystemObservers.swift */,
			);
			path = App;
			sourceTree = "<group>";
		};
		E622A9AC9816E5D62A92DB9B /* Settings */ = {
			isa = PBXGroup;
			children = (
				46A33BD776DCA6DE0EC14E7C /* LaunchAtLogin.swift */,
				773966156F4CAB653EAE5FE6 /* Preferences.swift */,
				71B4FAB2F197DAD9B26A4296 /* SettingsView.swift */,
				0B56EEC5BDEC5B8F4D5157FC /* SettingsWindowController.swift */,
			);
			path = Settings;
			sourceTree = "<group>";
		};
		F9D9922AC48A319B74D06789 /* LockScreen */ = {
			isa = PBXGroup;
			children = (
				FA7CF77BD4ED6670CF7A1F29 /* LockNotchView.swift */,
				E2BCECFA414B124B2FF0B3A7 /* LockSession.swift */,
				53DDB9A0D453C88C21A2D8FF /* LockWidgetController.swift */,
				20227042E7892D90CF93B99C /* LockWidgetDecision.swift */,
				D69D405CAC4ABC9FCCAB640E /* LockWidgetLayout.swift */,
				C2826D20E7C1CA9F71846546 /* LockWidgetPanel.swift */,
				61317FF1D372C71CA4F908FD /* LockWidgetView.swift */,
				795AC9343F68424B9DE1F8D1 /* SkyLightSpace.swift */,
			);
			path = LockScreen;
			sourceTree = "<group>";
		};
		FABAB35562B67FA86AC4BBE2 /* Private */ = {
			isa = PBXGroup;
			children = (
				FAA6B1632D9FA676DABDFF01 /* PrivateSymbols.swift */,
			);
			path = Private;
			sourceTree = "<group>";
		};
/* End PBXGroup section */

/* Begin PBXNativeTarget section */
		10F0B156BE034556A00F546B /* Aeolus */ = {
			isa = PBXNativeTarget;
			buildConfigurationList = 0C00549FE9D4CA23E4B89D8B /* Build configuration list for PBXNativeTarget "Aeolus" */;
			buildPhases = (
				FC3B1C2083BAD230D1A93370 /* Sources */,
				4BB866B500F620B191818848 /* Resources */,
				21C71917CFBE584AE4EC66BE /* Frameworks */,
				E4A2920CC0201DA3EDEA3C0B /* Embed Frameworks */,
			);
			buildRules = (
			);
			dependencies = (
			);
			name = Aeolus;
			packageProductDependencies = (
				69EAB8D8ABC8504ED58B4A67 /* Sparkle */,
			);
			productName = Aeolus;
			productReference = 47CDBB4D7704F30EE08D8A43 /* Aeolus.app */;
			productType = "com.apple.product-type.application";
		};
		2CA689A2B283AFBF7F577EE1 /* AeolusTests */ = {
			isa = PBXNativeTarget;
			buildConfigurationList = FFDCE8A03254C16E3900A645 /* Build configuration list for PBXNativeTarget "AeolusTests" */;
			buildPhases = (
				620F1C62BE34FB85DAABC339 /* Sources */,
			);
			buildRules = (
			);
			dependencies = (
				8CED0A95797E27831D0619CF /* PBXTargetDependency */,
			);
			name = AeolusTests;
			packageProductDependencies = (
			);
			productName = AeolusTests;
			productReference = 0A8C667A5F5D412460A76CDC /* AeolusTests.xctest */;
			productType = "com.apple.product-type.bundle.unit-test";
		};
/* End PBXNativeTarget section */

/* Begin PBXProject section */
		5841313427E3248FA90AD8F3 /* Project object */ = {
			isa = PBXProject;
			attributes = {
				BuildIndependentTargetsInParallel = YES;
				LastUpgradeCheck = 1430;
				TargetAttributes = {
					10F0B156BE034556A00F546B = {
						ProvisioningStyle = Manual;
					};
					2CA689A2B283AFBF7F577EE1 = {
						ProvisioningStyle = Manual;
					};
				};
			};
			buildConfigurationList = ECD335BCF9EE630B2AA6A676 /* Build configuration list for PBXProject "Aeolus" */;
			developmentRegion = en;
			hasScannedForEncodings = 0;
			knownRegions = (
				Base,
				en,
			);
			mainGroup = 63BEA4F94B070FFC897994C1;
			minimizedProjectReferenceProxies = 1;
			packageReferences = (
				249521AB5C97EB47F8135402 /* XCRemoteSwiftPackageReference "Sparkle" */,
			);
			preferredProjectObjectVersion = 77;
			productRefGroup = 819FAEDF32A11B95A183573C /* Products */;
			projectDirPath = "";
			projectRoot = "";
			targets = (
				10F0B156BE034556A00F546B /* Aeolus */,
				2CA689A2B283AFBF7F577EE1 /* AeolusTests */,
			);
		};
/* End PBXProject section */

/* Begin PBXResourcesBuildPhase section */
		4BB866B500F620B191818848 /* Resources */ = {
			isa = PBXResourcesBuildPhase;
			buildActionMask = 2147483647;
			files = (
				6EB4D71F1D0E44D665EADDC4 /* AppIcon.icns in Resources */,
				2046EFB185B9E729150F12ED /* mediaremote-adapter.pl in Resources */,
			);
			runOnlyForDeploymentPostprocessing = 0;
		};
/* End PBXResourcesBuildPhase section */

/* Begin PBXSourcesBuildPhase section */
		620F1C62BE34FB85DAABC339 /* Sources */ = {
			isa = PBXSourcesBuildPhase;
			buildActionMask = 2147483647;
			files = (
				C7045CF80DB79C987A4008D0 /* ExpandedRenderTests.swift in Sources */,
				0C05CB3CC66EE5D44E1FFACC /* FullscreenDetectorTests.swift in Sources */,
				C2B8612B71D847A036CCCB3F /* IslandLayoutTests.swift in Sources */,
				39343A94260F2D35250D02FF /* IslandReducerTests.swift in Sources */,
				E0C192966439D5662EA27100 /* LineBufferTests.swift in Sources */,
				9D8369844155910CBC3E7B8B /* LockWidgetDecisionTests.swift in Sources */,
				8B3625E0E5E0DCC974C4C9A5 /* LockWidgetLayoutTests.swift in Sources */,
				64901DAFA5FDD5A5294415F5 /* LockWidgetRenderTests.swift in Sources */,
				0C74FB17BAA2FD07572D9E41 /* LyricsParserTests.swift in Sources */,
				D1B9BAA2A1E6C83E3F253223 /* MediaSourceFilterTests.swift in Sources */,
				F54E6B55D89E0B515A97EBA9 /* NotchGeometryTests.swift in Sources */,
				07A348A91900B1D752B94BC1 /* NowPlayingMergeTests.swift in Sources */,
				BDEF0BD692855C0DC44FFD2D /* OutputDeviceIconTests.swift in Sources */,
				54AB4EE1C99E551D43C9CD48 /* PowerEventDetectorTests.swift in Sources */,
				D7A63E2BBDCC1BDF7E80A8A4 /* PowerSnapshotTests.swift in Sources */,
				140EE9C9BD6DE0D2664A2799 /* PrivateSymbolsTests.swift in Sources */,
				BDF3D3D1559CD6670A577370 /* RestartPolicyTests.swift in Sources */,
				93FE276BD58E58F358F55BAF /* RubberBandMathTests.swift in Sources */,
				31C0C358FC83CA3D5F45D441 /* ScrollGestureRecognizerTests.swift in Sources */,
				DCCBB0F4286A995A0F8C1632 /* SkyLightSpaceTests.swift in Sources */,
				8E1C1FFDE7812FFA70350C67 /* SmokeTests.swift in Sources */,
				E5556594EF4A0B76F4A66844 /* TimeFormatterTests.swift in Sources */,
			);
			runOnlyForDeploymentPostprocessing = 0;
		};
		FC3B1C2083BAD230D1A93370 /* Sources */ = {
			isa = PBXSourcesBuildPhase;
			buildActionMask = 2147483647;
			files = (
				B2C661978466F31D4E03154C /* AdapterPaths.swift in Sources */,
				96F4FDC7A6F6F5AE89B92280 /* AeolusApp.swift in Sources */,
				6FC372DB12BC45820915BC31 /* AppServices.swift in Sources */,
				E916AA4C8F15C398170B02A3 /* BatteryActivityView.swift in Sources */,
				07A8F82B052C985D4285E2FF /* BluetoothAudioBattery.swift in Sources */,
				D6024E3D65B900B1E8AF1156 /* CarouselTransition.swift in Sources */,
				A9D70E18D5AA4C74A83E8A04 /* CollapsedEarsView.swift in Sources */,
				F5E8D87A7E1A2AD49EF13265 /* ControlButton.swift in Sources */,
				192A24368610EC7412AECD20 /* DeviceFlashView.swift in Sources */,
				FA7667E9DFA1E0C4CF2494FE /* EarsLayout.swift in Sources */,
				560EEDD7F5FCC018FC174B5C /* EqualizerBars.swift in Sources */,
				3702FBB2ACA438555FFCEBB6 /* ExpandedPlayerView.swift in Sources */,
				25848C2BC8B9ACEDA082E993 /* FullscreenDetector.swift in Sources */,
				08AA5524C2AC28B8DC96F160 /* IslandLayout.swift in Sources */,
				E4CD826745CB76BD11C72441 /* IslandReducer.swift in Sources */,
				DEEEE638577ECC37D488E9AC /* IslandRootView.swift in Sources */,
				45F18A364D1E6447B47FA5A4 /* IslandState.swift in Sources */,
				A20D68DCA5BCEB6CEC6823CB /* IslandViewModel.swift in Sources */,
				8841BF3D2A3B593E3284ECA3 /* LaunchAtLogin.swift in Sources */,
				23A67F628A74C6722FF572F7 /* LineBuffer.swift in Sources */,
				BD1363B6A92789ECB48880A4 /* LockNotchView.swift in Sources */,
				B887C44472035F68E2E87AD1 /* LockSession.swift in Sources */,
				00CA852B4F95FCD3FAC88D3D /* LockWidgetController.swift in Sources */,
				578A4BC650F80F7194FFFE1A /* LockWidgetDecision.swift in Sources */,
				FE65A520B5DE6AB8C3E33EE4 /* LockWidgetLayout.swift in Sources */,
				ADF2586912FBB18932AB5420 /* LockWidgetPanel.swift in Sources */,
				49C554BF477174848D74575E /* LockWidgetView.swift in Sources */,
				04EE4AB521E31D296AAC2437 /* LyricsEngine.swift in Sources */,
				D17D5598DC340B3A78E72419 /* LyricsParser.swift in Sources */,
				76F2EE3F425E20E7912FEE70 /* MediaActions.swift in Sources */,
				801A096A4DDABA01BEDB7FE5 /* MediaEngine.swift in Sources */,
				8B9737F6D483798375397C23 /* MediaSourceFilter.swift in Sources */,
				EF8B2F7934FD44C911DA289F /* NotchGeometry.swift in Sources */,
				7FAE763B6E2CCB122AA5618C /* NotchPanel.swift in Sources */,
				B95DB3D25F02DC52219FEF57 /* NotchShape.swift in Sources */,
				52A7467905F0DD9552B0AF46 /* NotchSpace.swift in Sources */,
				85ED1676CFF7C9FAB120FEB2 /* NowPlaying.swift in Sources */,
				E89A8D6DC8F95BB0AF3A62AC /* NowPlayingStore.swift in Sources */,
				AD8133F6749ECBF51F473F73 /* OutputDeviceIcon.swift in Sources */,
				8309F4AF47BB6C70B82D3759 /* PanelController.swift in Sources */,
				01E64FD639416137629A70AF /* PowerEventDetector.swift in Sources */,
				017DF393AB7CB253C8EFCA81 /* PowerMonitor.swift in Sources */,
				ED35270A08203A03873DA4E9 /* PowerSnapshot.swift in Sources */,
				208E8914616075D6EFC43AF9 /* Preferences.swift in Sources */,
				80750D8766B419696300057D /* PrivateSymbols.swift in Sources */,
				DDD6912FB0EB9A1C0DA663BF /* RestartPolicy.swift in Sources */,
				75E635A928AFA3C762A72FB1 /* RubberBand.swift in Sources */,
				AAC2FC612C382041FE3E9411 /* ScrollGestureRecognizer.swift in Sources */,
				8741E191D472A27FCD70FB30 /* SettingsView.swift in Sources */,
				33B131D5A946F2C97DCF3D78 /* SettingsWindowController.swift in Sources */,
				C7824A75FFCEBA43C6C98BA2 /* SkyLightSpace.swift in Sources */,
				ECA096D0765A6B9B7B489C96 /* SpaceToggleHotKey.swift in Sources */,
				74656EC835C29815D0233821 /* SystemObservers.swift in Sources */,
				1A0F2160078BCD5A57FF1B80 /* TimeFormatter.swift in Sources */,
				2AA21D6CFBB9E37934D202B4 /* TrackIntroView.swift in Sources */,
				552EA7CC1088C49900DF0337 /* TrackProgressBar.swift in Sources */,
				7E477DF18E0F5711ECF4D736 /* VolumeController.swift in Sources */,
				A994F168C660DA3AA277A331 /* VolumeFlashView.swift in Sources */,
				B2CF1A36A7C71651B88D0C8F /* VolumeSlider.swift in Sources */,
			);
			runOnlyForDeploymentPostprocessing = 0;
		};
/* End PBXSourcesBuildPhase section */

/* Begin PBXTargetDependency section */
		8CED0A95797E27831D0619CF /* PBXTargetDependency */ = {
			isa = PBXTargetDependency;
			target = 10F0B156BE034556A00F546B /* Aeolus */;
			targetProxy = B97104AF0690B19B95A9C098 /* PBXContainerItemProxy */;
		};
/* End PBXTargetDependency section */

/* Begin XCBuildConfiguration section */
		2F8CB4570E0D0496613CCE6A /* Release */ = {
			isa = XCBuildConfiguration;
			buildSettings = {
				ASSETCATALOG_COMPILER_APPICON_NAME = AppIcon;
				COMBINE_HIDPI_IMAGES = YES;
				CURRENT_PROJECT_VERSION = 5;
				ENABLE_TESTABILITY = YES;
				FRAMEWORK_SEARCH_PATHS = (
					"$(inherited)",
					"\"Vendor/mediaremote-adapter\"",
				);
				GENERATE_INFOPLIST_FILE = NO;
				INFOPLIST_FILE = Aeolus/Info.plist;
				LD_RUNPATH_SEARCH_PATHS = (
					"$(inherited)",
					"@executable_path/../Frameworks",
				);
				MARKETING_VERSION = 0.5.0;
				PRODUCT_BUNDLE_IDENTIFIER = io.github.moverq1337.aeolus;
				PRODUCT_NAME = Aeolus;
				SDKROOT = macosx;
			};
			name = Release;
		};
		4632CBB2D7B6DFC6188CA20F /* Release */ = {
			isa = XCBuildConfiguration;
			buildSettings = {
				ALWAYS_SEARCH_USER_PATHS = NO;
				ARCHS = arm64;
				CLANG_ANALYZER_NONNULL = YES;
				CLANG_ANALYZER_NUMBER_OBJECT_CONVERSION = YES_AGGRESSIVE;
				CLANG_CXX_LANGUAGE_STANDARD = "gnu++14";
				CLANG_CXX_LIBRARY = "libc++";
				CLANG_ENABLE_MODULES = YES;
				CLANG_ENABLE_OBJC_ARC = YES;
				CLANG_ENABLE_OBJC_WEAK = YES;
				CLANG_WARN_BLOCK_CAPTURE_AUTORELEASING = YES;
				CLANG_WARN_BOOL_CONVERSION = YES;
				CLANG_WARN_COMMA = YES;
				CLANG_WARN_CONSTANT_CONVERSION = YES;
				CLANG_WARN_DEPRECATED_OBJC_IMPLEMENTATIONS = YES;
				CLANG_WARN_DIRECT_OBJC_ISA_USAGE = YES_ERROR;
				CLANG_WARN_DOCUMENTATION_COMMENTS = YES;
				CLANG_WARN_EMPTY_BODY = YES;
				CLANG_WARN_ENUM_CONVERSION = YES;
				CLANG_WARN_INFINITE_RECURSION = YES;
				CLANG_WARN_INT_CONVERSION = YES;
				CLANG_WARN_NON_LITERAL_NULL_CONVERSION = YES;
				CLANG_WARN_OBJC_IMPLICIT_RETAIN_SELF = YES;
				CLANG_WARN_OBJC_LITERAL_CONVERSION = YES;
				CLANG_WARN_OBJC_ROOT_CLASS = YES_ERROR;
				CLANG_WARN_QUOTED_INCLUDE_IN_FRAMEWORK_HEADER = YES;
				CLANG_WARN_RANGE_LOOP_ANALYSIS = YES;
				CLANG_WARN_STRICT_PROTOTYPES = YES;
				CLANG_WARN_SUSPICIOUS_MOVE = YES;
				CLANG_WARN_UNGUARDED_AVAILABILITY = YES_AGGRESSIVE;
				CLANG_WARN_UNREACHABLE_CODE = YES;
				CLANG_WARN__DUPLICATE_METHOD_MATCH = YES;
				CODE_SIGN_IDENTITY = "-";
				CODE_SIGN_STYLE = Manual;
				COPY_PHASE_STRIP = NO;
				DEAD_CODE_STRIPPING = YES;
				DEBUG_INFORMATION_FORMAT = "dwarf-with-dsym";
				ENABLE_HARDENED_RUNTIME = NO;
				ENABLE_NS_ASSERTIONS = NO;
				ENABLE_STRICT_OBJC_MSGSEND = YES;
				GCC_C_LANGUAGE_STANDARD = gnu11;
				GCC_NO_COMMON_BLOCKS = YES;
				GCC_WARN_64_TO_32_BIT_CONVERSION = YES;
				GCC_WARN_ABOUT_RETURN_TYPE = YES_ERROR;
				GCC_WARN_UNDECLARED_SELECTOR = YES;
				GCC_WARN_UNINITIALIZED_AUTOS = YES_AGGRESSIVE;
				GCC_WARN_UNUSED_FUNCTION = YES;
				GCC_WARN_UNUSED_VARIABLE = YES;
				MACOSX_DEPLOYMENT_TARGET = 15.0;
				MTL_ENABLE_DEBUG_INFO = NO;
				MTL_FAST_MATH = YES;
				PRODUCT_NAME = "$(TARGET_NAME)";
				SDKROOT = macosx;
				SWIFT_COMPILATION_MODE = wholemodule;
				SWIFT_OPTIMIZATION_LEVEL = "-O";
				SWIFT_VERSION = 6.0;
			};
			name = Release;
		};
		6B4AAC195F07A359360F95C7 /* Debug */ = {
			isa = XCBuildConfiguration;
			buildSettings = {
				ASSETCATALOG_COMPILER_APPICON_NAME = AppIcon;
				COMBINE_HIDPI_IMAGES = YES;
				CURRENT_PROJECT_VERSION = 5;
				ENABLE_TESTABILITY = YES;
				FRAMEWORK_SEARCH_PATHS = (
					"$(inherited)",
					"\"Vendor/mediaremote-adapter\"",
				);
				GENERATE_INFOPLIST_FILE = NO;
				INFOPLIST_FILE = Aeolus/Info.plist;
				LD_RUNPATH_SEARCH_PATHS = (
					"$(inherited)",
					"@executable_path/../Frameworks",
				);
				MARKETING_VERSION = 0.5.0;
				PRODUCT_BUNDLE_IDENTIFIER = io.github.moverq1337.aeolus;
				PRODUCT_NAME = Aeolus;
				SDKROOT = macosx;
			};
			name = Debug;
		};
		8C2B56E2F04FE9D48EE844AB /* Debug */ = {
			isa = XCBuildConfiguration;
			buildSettings = {
				ALWAYS_SEARCH_USER_PATHS = NO;
				ARCHS = arm64;
				CLANG_ANALYZER_NONNULL = YES;
				CLANG_ANALYZER_NUMBER_OBJECT_CONVERSION = YES_AGGRESSIVE;
				CLANG_CXX_LANGUAGE_STANDARD = "gnu++14";
				CLANG_CXX_LIBRARY = "libc++";
				CLANG_ENABLE_MODULES = YES;
				CLANG_ENABLE_OBJC_ARC = YES;
				CLANG_ENABLE_OBJC_WEAK = YES;
				CLANG_WARN_BLOCK_CAPTURE_AUTORELEASING = YES;
				CLANG_WARN_BOOL_CONVERSION = YES;
				CLANG_WARN_COMMA = YES;
				CLANG_WARN_CONSTANT_CONVERSION = YES;
				CLANG_WARN_DEPRECATED_OBJC_IMPLEMENTATIONS = YES;
				CLANG_WARN_DIRECT_OBJC_ISA_USAGE = YES_ERROR;
				CLANG_WARN_DOCUMENTATION_COMMENTS = YES;
				CLANG_WARN_EMPTY_BODY = YES;
				CLANG_WARN_ENUM_CONVERSION = YES;
				CLANG_WARN_INFINITE_RECURSION = YES;
				CLANG_WARN_INT_CONVERSION = YES;
				CLANG_WARN_NON_LITERAL_NULL_CONVERSION = YES;
				CLANG_WARN_OBJC_IMPLICIT_RETAIN_SELF = YES;
				CLANG_WARN_OBJC_LITERAL_CONVERSION = YES;
				CLANG_WARN_OBJC_ROOT_CLASS = YES_ERROR;
				CLANG_WARN_QUOTED_INCLUDE_IN_FRAMEWORK_HEADER = YES;
				CLANG_WARN_RANGE_LOOP_ANALYSIS = YES;
				CLANG_WARN_STRICT_PROTOTYPES = YES;
				CLANG_WARN_SUSPICIOUS_MOVE = YES;
				CLANG_WARN_UNGUARDED_AVAILABILITY = YES_AGGRESSIVE;
				CLANG_WARN_UNREACHABLE_CODE = YES;
				CLANG_WARN__DUPLICATE_METHOD_MATCH = YES;
				CODE_SIGN_IDENTITY = "-";
				CODE_SIGN_STYLE = Manual;
				COPY_PHASE_STRIP = NO;
				DEAD_CODE_STRIPPING = YES;
				DEBUG_INFORMATION_FORMAT = dwarf;
				ENABLE_HARDENED_RUNTIME = NO;
				ENABLE_STRICT_OBJC_MSGSEND = YES;
				ENABLE_TESTABILITY = YES;
				GCC_C_LANGUAGE_STANDARD = gnu11;
				GCC_DYNAMIC_NO_PIC = NO;
				GCC_NO_COMMON_BLOCKS = YES;
				GCC_OPTIMIZATION_LEVEL = 0;
				GCC_PREPROCESSOR_DEFINITIONS = (
					"$(inherited)",
					"DEBUG=1",
				);
				GCC_WARN_64_TO_32_BIT_CONVERSION = YES;
				GCC_WARN_ABOUT_RETURN_TYPE = YES_ERROR;
				GCC_WARN_UNDECLARED_SELECTOR = YES;
				GCC_WARN_UNINITIALIZED_AUTOS = YES_AGGRESSIVE;
				GCC_WARN_UNUSED_FUNCTION = YES;
				GCC_WARN_UNUSED_VARIABLE = YES;
				MACOSX_DEPLOYMENT_TARGET = 15.0;
				MTL_ENABLE_DEBUG_INFO = INCLUDE_SOURCE;
				MTL_FAST_MATH = YES;
				ONLY_ACTIVE_ARCH = YES;
				PRODUCT_NAME = "$(TARGET_NAME)";
				SDKROOT = macosx;
				SWIFT_ACTIVE_COMPILATION_CONDITIONS = DEBUG;
				SWIFT_OPTIMIZATION_LEVEL = "-Onone";
				SWIFT_VERSION = 6.0;
			};
			name = Debug;
		};
		B97EF4851ACB7D62E6362BE2 /* Release */ = {
			isa = XCBuildConfiguration;
			buildSettings = {
				BUNDLE_LOADER = "$(TEST_HOST)";
				COMBINE_HIDPI_IMAGES = YES;
				GENERATE_INFOPLIST_FILE = YES;
				LD_RUNPATH_SEARCH_PATHS = (
					"$(inherited)",
					"@executable_path/../Frameworks",
					"@loader_path/../Frameworks",
				);
				PRODUCT_BUNDLE_IDENTIFIER = io.github.moverq1337.AeolusTests;
				SDKROOT = macosx;
				TEST_HOST = "$(BUILT_PRODUCTS_DIR)/Aeolus.app/Contents/MacOS/Aeolus";
			};
			name = Release;
		};
		F76C37F70AB09AFD0E2E24E6 /* Debug */ = {
			isa = XCBuildConfiguration;
			buildSettings = {
				BUNDLE_LOADER = "$(TEST_HOST)";
				COMBINE_HIDPI_IMAGES = YES;
				GENERATE_INFOPLIST_FILE = YES;
				LD_RUNPATH_SEARCH_PATHS = (
					"$(inherited)",
					"@executable_path/../Frameworks",
					"@loader_path/../Frameworks",
				);
				PRODUCT_BUNDLE_IDENTIFIER = io.github.moverq1337.AeolusTests;
				SDKROOT = macosx;
				TEST_HOST = "$(BUILT_PRODUCTS_DIR)/Aeolus.app/Contents/MacOS/Aeolus";
			};
			name = Debug;
		};
/* End XCBuildConfiguration section */

/* Begin XCConfigurationList section */
		0C00549FE9D4CA23E4B89D8B /* Build configuration list for PBXNativeTarget "Aeolus" */ = {
			isa = XCConfigurationList;
			buildConfigurations = (
				6B4AAC195F07A359360F95C7 /* Debug */,
				2F8CB4570E0D0496613CCE6A /* Release */,
			);
			defaultConfigurationIsVisible = 0;
			defaultConfigurationName = Debug;
		};
		ECD335BCF9EE630B2AA6A676 /* Build configuration list for PBXProject "Aeolus" */ = {
			isa = XCConfigurationList;
			buildConfigurations = (
				8C2B56E2F04FE9D48EE844AB /* Debug */,
				4632CBB2D7B6DFC6188CA20F /* Release */,
			);
			defaultConfigurationIsVisible = 0;
			defaultConfigurationName = Debug;
		};
		FFDCE8A03254C16E3900A645 /* Build configuration list for PBXNativeTarget "AeolusTests" */ = {
			isa = XCConfigurationList;
			buildConfigurations = (
				F76C37F70AB09AFD0E2E24E6 /* Debug */,
				B97EF4851ACB7D62E6362BE2 /* Release */,
			);
			defaultConfigurationIsVisible = 0;
			defaultConfigurationName = Debug;
		};
/* End XCConfigurationList section */

/* Begin XCRemoteSwiftPackageReference section */
		249521AB5C97EB47F8135402 /* XCRemoteSwiftPackageReference "Sparkle" */ = {
			isa = XCRemoteSwiftPackageReference;
			repositoryURL = "https://github.com/sparkle-project/Sparkle";
			requirement = {
				kind = upToNextMajorVersion;
				minimumVersion = 2.7.0;
			};
		};
/* End XCRemoteSwiftPackageReference section */

/* Begin XCSwiftPackageProductDependency section */
		69EAB8D8ABC8504ED58B4A67 /* Sparkle */ = {
			isa = XCSwiftPackageProductDependency;
			package = 249521AB5C97EB47F8135402 /* XCRemoteSwiftPackageReference "Sparkle" */;
			productName = Sparkle;
		};
/* End XCSwiftPackageProductDependency section */
	};
	rootObject = 5841313427E3248FA90AD8F3 /* Project object */;
}
